
Microsoft Visual Studio Solution File, Format Version 12.00
# Visual Studio 15
VisualStudioVersion = 15.0.27130.2020
MinimumVisualStudioVersion = 10.0.40219.1
Project("{FAE04EC0-301F-11D3-BF4B-00C04F79EFBC}") = "BusinessRulesKata", "BusinessRulesKata\BusinessRulesKata.csproj", "{0284D576-3878-4A7A-90E2-FD10E114F1CE}"
EndProject
Project("{FAE04EC0-301F-11D3-BF4B-00C04F79EFBC}") = "BusinessRulesKata.Domain", "BusinessRulesKata.Domain\BusinessRulesKata.Domain.csproj", "{62E4ED8D-2C9F-4B4D-BB8C-DEB98D67D70D}"
EndProject
Project("{FAE04EC0-301F-11D3-BF4B-00C04F79EFBC}") = "BusinessRulesKata.UnitTests", "BusinessRulesKata.UnitTests\BusinessRulesKata.UnitTests.csproj", "{B186D338-E329-45AF-9819-E8ACBACF9FEC}"
EndProject
Project("{FAE04EC0-301F-11D3-BF4B-00C04F79EFBC}") = "BusinessRulesKata.IntegrationTests", "BusinessRulesKata.IntegrationTests\BusinessRulesKata.IntegrationTests.csproj", "{D1A4B37B-2681-4660-8868-E6EC429DBB38}"
EndProject
Global
	GlobalSection(SolutionConfigurationPlatforms) = preSolution
		Debug|Any CPU = Debug|Any CPU
		Release|Any CPU = Release|Any CPU
	EndGlobalSection
	GlobalSection(ProjectConfigurationPlatforms) = postSolution
		{0284D576-3878-4A7A-90E2-FD10E114F1CE}.Debug|Any CPU.ActiveCfg = Debug|Any CPU
		{0284D576-3878-4A7A-90E2-FD10E114F1CE}.Debug|Any CPU.Build.0 = Debug|Any CPU
		{0284D576-3878-4A7A-90E2-FD10E114F1CE}.Release|Any CPU.ActiveCfg = Release|Any CPU
		{0284D576-3878-4A7A-90E2-FD10E114F1CE}.Release|Any CPU.Build.0 = Release|Any CPU
		{62E4ED8D-2C9F-4B4D-BB8C-DEB98D67D70D}.Debug|Any CPU.ActiveCfg = Debug|Any CPU
		{62E4ED8D-2C9F-4B4D-BB8C-DEB98D67D70D}.Debug|Any CPU.Build.0 = Debug|Any CPU
		{62E4ED8D-2C9F-4B4D-BB8C-DEB98D67D70D}.Release|Any CPU.ActiveCfg = Release|Any CPU
		{62E4ED8D-2C9F-4B4D-BB8C-DEB98D67D70D}.Release|Any CPU.Build.0 = Release|Any CPU
		{B186D338-E329-45AF-9819-E8ACBACF9FEC}.Debug|Any CPU.ActiveCfg = Debug|Any CPU
		{B186D338-E329-45AF-9819-E8ACBACF9FEC}.Debug|Any CPU.Build.0 = Debug|Any CPU
		{B186D338-E329-45AF-9819-E8ACBACF9FEC}.Release|Any CPU.ActiveCfg = Release|Any CPU
		{B186D338-E329-45AF-9819-E8ACBACF9FEC}.Release|Any CPU.Build.0 = Release|Any CPU
		{D1A4B37B-2681-4660-8868-E6EC429DBB38}.Debug|Any CPU.ActiveCfg = Debug|Any CPU
		{D1A4B37B-2681-4660-8868-E6EC429DBB38}.Debug|Any CPU.Build.0 = Debug|Any CPU
		{D1A4B37B-2681-4660-8868-E6EC429DBB38}.Release|Any CPU.ActiveCfg = Release|Any CPU
		{D1A4B37B-2681-4660-8868-E6EC429DBB38}.Release|Any CPU.Build.0 = Release|Any CPU
	EndGlobalSection
	GlobalSection(SolutionProperties) = preSolution
		HideSolutionNode = FALSE
	EndGlobalSection
	GlobalSection(ExtensibilityGlobals) = postSolution
		SolutionGuid = {73006319-FA25-4D8C-8DF9-D1C0FFF8FE27}
	EndGlobalSection
EndGlobal
